
Microsoft Visual Studio Solution File, Format Version 12.00
# Visual Studio Version 16
VisualStudioVersion = 16.0.32126.315
MinimumVisualStudioVersion = 10.0.40219.1
Project("{FAE04EC0-301F-11D3-BF4B-00C04F79EFBC}") = "ToDo.App.UWP", "ToDo.App.UWP\ToDo.App.UWP.csproj", "{21ED01F3-A3FB-44DC-B6B2-48186C2A1962}"
EndProject
Project("{FAE04EC0-301F-11D3-BF4B-00C04F79EFBC}") = "ToDo.App.Android", "ToDo.App.Android\ToDo.App.Android.csproj", "{4D771A2C-DDD5-4327-AFA0-253E43A74FBC}"
EndProject
Project("{FAE04EC0-301F-11D3-BF4B-00C04F79EFBC}") = "ToDo.App.iOS", "ToDo.App.iOS\ToDo.App.iOS.csproj", "{317FFF16-BCE8-404A-A025-857A0DD3EE6D}"
EndProject
Project("{FAE04EC0-301F-11D3-BF4B-00C04F79EFBC}") = "ToDo.App", "ToDo.App\ToDo.App.csproj", "{AEF57C9C-6DDC-4774-9050-2EFEBD7453CF}"
EndProject
Global
	GlobalSection(SolutionConfigurationPlatforms) = preSolution
		Debug|Any CPU = Debug|Any CPU
		Debug|ARM = Debug|ARM
		Debug|iPhone = Debug|iPhone
		Debug|iPhoneSimulator = Debug|iPhoneSimulator
		Debug|x64 = Debug|x64
		Debug|x86 = Debug|x86
		Release|Any CPU = Release|Any CPU
		Release|ARM = Release|ARM
		Release|iPhone = Release|iPhone
		Release|iPhoneSimulator = Release|iPhoneSimulator
		Release|x64 = Release|x64
		Release|x86 = Release|x86
	EndGlobalSection
	GlobalSection(ProjectConfigurationPlatforms) = postSolution
		{21ED01F3-A3FB-44DC-B6B2-48186C2A1962}.Debug|Any CPU.ActiveCfg = Debug|x86
		{21ED01F3-A3FB-44DC-B6B2-48186C2A1962}.Debug|Any CPU.Build.0 = Debug|x86
		{21ED01F3-A3FB-44DC-B6B2-48186C2A1962}.Debug|Any CPU.Deploy.0 = Debug|x86
		{21ED01F3-A3FB-44DC-B6B2-48186C2A1962}.Debug|ARM.ActiveCfg = Debug|ARM
		{21ED01F3-A3FB-44DC-B6B2-48186C2A1962}.Debug|ARM.Build.0 = Debug|ARM
		{21ED01F3-A3FB-44DC-B6B2-48186C2A1962}.Debug|ARM.Deploy.0 = Debug|ARM
		{21ED01F3-A3FB-44DC-B6B2-48186C2A1962}.Debug|iPhone.ActiveCfg = Debug|x86
		{21ED01F3-A3FB-44DC-B6B2-48186C2A1962}.Debug|iPhone.Build.0 = Debug|x86
		{21ED01F3-A3FB-44DC-B6B2-48186C2A1962}.Debug|iPhone.Deploy.0 = Debug|x86
		{21ED01F3-A3FB-44DC-B6B2-48186C2A1962}.Debug|iPhoneSimulator.ActiveCfg = Debug|x86
		{21ED01F3-A3FB-44DC-B6B2-48186C2A1962}.Debug|iPhoneSimulator.Build.0 = Debug|x86
		{21ED01F3-A3FB-44DC-B6B2-48186C2A1962}.Debug|iPhoneSimulator.Deploy.0 = Debug|x86
		{21ED01F3-A3FB-44DC-B6B2-48186C2A1962}.Debug|x64.ActiveCfg = Debug|x64
		{21ED01F3-A3FB-44DC-B6B2-48186C2A1962}.Debug|x64.Build.0 = Debug|x64
		{21ED01F3-A3FB-44DC-B6B2-48186C2A1962}.Debug|x64.Deploy.0 = Debug|x64
		{21ED01F3-A3FB-44DC-B6B2-48186C2A1962}.Debug|x86.ActiveCfg = Debug|x86
		{21ED01F3-A3FB-44DC-B6B2-48186C2A1962}.Debug|x86.Build.0 = Debug|x86
		{21ED01F3-A3FB-44DC-B6B2-48186C2A1962}.Debug|x86.Deploy.0 = Debug|x86
		{21ED01F3-A3FB-44DC-B6B2-48186C2A1962}.Release|Any CPU.ActiveCfg = Release|x86
		{21ED01F3-A3FB-44DC-B6B2-48186C2A1962}.Release|Any CPU.Build.0 = Release|x86
		{21ED01F3-A3FB-44DC-B6B2-48186C2A1962}.Release|Any CPU.Deploy.0 = Release|x86
		{21ED01F3-A3FB-44DC-B6B2-48186C2A1962}.Release|ARM.ActiveCfg = Release|ARM
		{21ED01F3-A3FB-44DC-B6B2-48186C2A1962}.Release|ARM.Build.0 = Release|ARM
		{21ED01F3-A3FB-44DC-B6B2-48186C2A1962}.Release|ARM.Deploy.0 = Release|ARM
		{21ED01F3-A3FB-44DC-B6B2-48186C2A1962}.Release|iPhone.ActiveCfg = Release|x86
		{21ED01F3-A3FB-44DC-B6B2-48186C2A1962}.Release|iPhone.Build.0 = Release|x86
		{21ED01F3-A3FB-44DC-B6B2-48186C2A1962}.Release|iPhone.Deploy.0 = Release|x86
		{21ED01F3-A3FB-44DC-B6B2-48186C2A1962}.Release|iPhoneSimulator.ActiveCfg = Release|x86
		{21ED01F3-A3FB-44DC-B6B2-48186C2A1962}.Release|iPhoneSimulator.Build.0 = Release|x86
		{21ED01F3-A3FB-44DC-B6B2-48186C2A1962}.Release|iPhoneSimulator.Deploy.0 = Release|x86
		{21ED01F3-A3FB-44DC-B6B2-48186C2A1962}.Release|x64.ActiveCfg = Release|x64
		{21ED01F3-A3FB-44DC-B6B2-48186C2A1962}.Release|x64.Build.0 = Release|x64
		{21ED01F3-A3FB-44DC-B6B2-48186C2A1962}.Release|x64.Deploy.0 = Release|x64
		{21ED01F3-A3FB-44DC-B6B2-48186C2A1962}.Release|x86.ActiveCfg = Release|x86
		{21ED01F3-A3FB-44DC-B6B2-48186C2A1962}.Release|x86.Build.0 = Release|x86
		{21ED01F3-A3FB-44DC-B6B2-48186C2A1962}.Release|x86.Deploy.0 = Release|x86
		{4D771A2C-DDD5-4327-AFA0-253E43A74FBC}.Debug|Any CPU.ActiveCfg = Debug|Any CPU
		{4D771A2C-DDD5-4327-AFA0-253E43A74FBC}.Debug|Any CPU.Build.0 = Debug|Any CPU
		{4D771A2C-DDD5-4327-AFA0-253E43A74FBC}.Debug|Any CPU.Deploy.0 = Debug|Any CPU
		{4D771A2C-DDD5-4327-AFA0-253E43A74FBC}.Debug|ARM.ActiveCfg = Debug|Any CPU
		{4D771A2C-DDD5-4327-AFA0-253E43A74FBC}.Debug|ARM.Build.0 = Debug|Any CPU
		{4D771A2C-DDD5-4327-AFA0-253E43A74FBC}.Debug|ARM.Deploy.0 = Debug|Any CPU
		{4D771A2C-DDD5-4327-AFA0-253E43A74FBC}.Debug|iPhone.ActiveCfg = Debug|Any CPU
		{4D771A2C-DDD5-4327-AFA0-253E43A74FBC}.Debug|iPhone.Build.0 = Debug|Any CPU
		{4D771A2C-DDD5-4327-AFA0-253E43A74FBC}.Debug|iPhone.Deploy.0 = Debug|Any CPU
		{4D771A2C-DDD5-4327-AFA0-253E43A74FBC}.Debug|iPhoneSimulator.ActiveCfg = Debug|Any CPU
		{4D771A2C-DDD5-4327-AFA0-253E43A74FBC}.Debug|iPhoneSimulator.Build.0 = Debug|Any CPU
		{4D771A2C-DDD5-4327-AFA0-253E43A74FBC}.Debug|iPhoneSimulator.Deploy.0 = Debug|Any CPU
		{4D771A2C-DDD5-4327-AFA0-253E43A74FBC}.Debug|x64.ActiveCfg = Debug|Any CPU
		{4D771A2C-DDD5-4327-AFA0-253E43A74FBC}.Debug|x64.Build.0 = Debug|Any CPU
		{4D771A2C-DDD5-4327-AFA0-253E43A74FBC}.Debug|x64.Deploy.0 = Debug|Any CPU
		{4D771A2C-DDD5-4327-AFA0-253E43A74FBC}.Debug|x86.ActiveCfg = Debug|Any CPU
		{4D771A2C-DDD5-4327-AFA0-253E43A74FBC}.Debug|x86.Build.0 = Debug|Any CPU
		{4D771A2C-DDD5-4327-AFA0-253E43A74FBC}.Debug|x86.Deploy.0 = Debug|Any CPU
		{4D771A2C-DDD5-4327-AFA0-253E43A74FBC}.Release|Any CPU.ActiveCfg = Release|Any CPU
		{4D771A2C-DDD5-4327-AFA0-253E43A74FBC}.Release|Any CPU.Build.0 = Release|Any CPU
		{4D771A2C-DDD5-4327-AFA0-253E43A74FBC}.Release|Any CPU.Deploy.0 = Release|Any CPU
		{4D771A2C-DDD5-4327-AFA0-253E43A74FBC}.Release|ARM.ActiveCfg = Release|Any CPU
		{4D771A2C-DDD5-4327-AFA0-253E43A74FBC}.Release|ARM.Build.0 = Release|Any CPU
		{4D771A2C-DDD5-4327-AFA0-253E43A74FBC}.Release|ARM.Deploy.0 = Release|Any CPU
		{4D771A2C-DDD5-4327-AFA0-253E43A74FBC}.Release|iPhone.ActiveCfg = Release|Any CPU
		{4D771A2C-DDD5-4327-AFA0-253E43A74FBC}.Release|iPhone.Build.0 = Release|Any CPU
		{4D771A2C-DDD5-4327-AFA0-253E43A74FBC}.Release|iPhone.Deploy.0 = Release|Any CPU
		{4D771A2C-DDD5-4327-AFA0-253E43A74FBC}.Release|iPhoneSimulator.ActiveCfg = Release|Any CPU
		{4D771A2C-DDD5-4327-AFA0-253E43A74FBC}.Release|iPhoneSimulator.Build.0 = Release|Any CPU
		{4D771A2C-DDD5-4327-AFA0-253E43A74FBC}.Release|iPhoneSimulator.Deploy.0 = Release|Any CPU
		{4D771A2C-DDD5-4327-AFA0-253E43A74FBC}.Release|x64.ActiveCfg = Release|Any CPU
		{4D771A2C-DDD5-4327-AFA0-253E43A74FBC}.Release|x64.Build.0 = Release|Any CPU
		{4D771A2C-DDD5-4327-AFA0-253E43A74FBC}.Release|x64.Deploy.0 = Release|Any CPU
		{4D771A2C-DDD5-4327-AFA0-253E43A74FBC}.Release|x86.ActiveCfg = Release|Any CPU
		{4D771A2C-DDD5-4327-AFA0-253E43A74FBC}.Release|x86.Build.0 = Release|Any CPU
		{4D771A2C-DDD5-4327-AFA0-253E43A74FBC}.Release|x86.Deploy.0 = Release|Any CPU
		{317FFF16-BCE8-404A-A025-857A0DD3EE6D}.Debug|Any CPU.ActiveCfg = Debug|iPhoneSimulator
		{317FFF16-BCE8-404A-A025-857A0DD3EE6D}.Debug|Any CPU.Build.0 = Debug|iPhoneSimulator
		{317FFF16-BCE8-404A-A025-857A0DD3EE6D}.Debug|Any CPU.Deploy.0 = Debug|iPhoneSimulator
		{317FFF16-BCE8-404A-A025-857A0DD3EE6D}.Debug|ARM.ActiveCfg = Debug|iPhone
		{317FFF16-BCE8-404A-A025-857A0DD3EE6D}.Debug|ARM.Build.0 = Debug|iPhone
		{317FFF16-BCE8-404A-A025-857A0DD3EE6D}.Debug|ARM.Deploy.0 = Debug|iPhone
		{317FFF16-BCE8-404A-A025-857A0DD3EE6D}.Debug|iPhone.ActiveCfg = Debug|iPhone
		{317FFF16-BCE8-404A-A025-857A0DD3EE6D}.Debug|iPhone.Build.0 = Debug|iPhone
		{317FFF16-BCE8-404A-A025-857A0DD3EE6D}.Debug|iPhone.Deploy.0 = Debug|iPhone
		{317FFF16-BCE8-404A-A025-857A0DD3EE6D}.Debug|iPhoneSimulator.ActiveCfg = Debug|iPhoneSimulator
		{317FFF16-BCE8-404A-A025-857A0DD3EE6D}.Debug|iPhoneSimulator.Build.0 = Debug|iPhoneSimulator
		{317FFF16-BCE8-404A-A025-857A0DD3EE6D}.Debug|iPhoneSimulator.Deploy.0 = Debug|iPhoneSimulator
		{317FFF16-BCE8-404A-A025-857A0DD3EE6D}.Debug|x64.ActiveCfg = Debug|iPhoneSimulator
		{317FFF16-BCE8-404A-A025-857A0DD3EE6D}.Debug|x64.Build.0 = Debug|iPhoneSimulator
		{317FFF16-BCE8-404A-A025-857A0DD3EE6D}.Debug|x64.Deploy.0 = Debug|iPhoneSimulator
		{317FFF16-BCE8-404A-A025-857A0DD3EE6D}.Debug|x86.ActiveCfg = Debug|iPhoneSimulator
		{317FFF16-BCE8-404A-A025-857A0DD3EE6D}.Debug|x86.Build.0 = Debug|iPhoneSimulator
		{317FFF16-BCE8-404A-A025-857A0DD3EE6D}.Debug|x86.Deploy.0 = Debug|iPhoneSimulator
		{317FFF16-BCE8-404A-A025-857A0DD3EE6D}.Release|Any CPU.ActiveCfg = Release|iPhoneSimulator
		{317FFF16-BCE8-404A-A025-857A0DD3EE6D}.Release|Any CPU.Build.0 = Release|iPhoneSimulator
		{317FFF16-BCE8-404A-A025-857A0DD3EE6D}.Release|Any CPU.Deploy.0 = Release|iPhoneSimulator
		{317FFF16-BCE8-404A-A025-857A0DD3EE6D}.Release|ARM.ActiveCfg = Release|iPhoneSimulator
		{317FFF16-BCE8-404A-A025-857A0DD3EE6D}.Release|ARM.Build.0 = Release|iPhoneSimulator
		{317FFF16-BCE8-404A-A025-857A0DD3EE6D}.Release|ARM.Deploy.0 = Release|iPhoneSimulator
		{317FFF16-BCE8-404A-A025-857A0DD3EE6D}.Release|iPhone.ActiveCfg = Release|iPhone
		{317FFF16-BCE8-404A-A025-857A0DD3EE6D}.Release|iPhone.Build.0 = Release|iPhone
		{317FFF16-BCE8-404A-A025-857A0DD3EE6D}.Release|iPhone.Deploy.0 = Release|iPhone
		{317FFF16-BCE8-404A-A025-857A0DD3EE6D}.Release|iPhoneSimulator.ActiveCfg = Release|iPhoneSimulator
		{317FFF16-BCE8-404A-A025-857A0DD3EE6D}.Release|iPhoneSimulator.Build.0 = Release|iPhoneSimulator
		{317FFF16-BCE8-404A-A025-857A0DD3EE6D}.Release|iPhoneSimulator.Deploy.0 = Release|iPhoneSimulator
		{317FFF16-BCE8-404A-A025-857A0DD3EE6D}.Release|x64.ActiveCfg = Release|iPhoneSimulator
		{317FFF16-BCE8-404A-A025-857A0DD3EE6D}.Release|x64.Build.0 = Release|iPhoneSimulator
		{317FFF16-BCE8-404A-A025-857A0DD3EE6D}.Release|x64.Deploy.0 = Release|iPhoneSimulator
		{317FFF16-BCE8-404A-A025-857A0DD3EE6D}.Release|x86.ActiveCfg = Release|iPhoneSimulator
		{317FFF16-BCE8-404A-A025-857A0DD3EE6D}.Release|x86.Build.0 = Release|iPhoneSimulator
		{317FFF16-BCE8-404A-A025-857A0DD3EE6D}.Release|x86.Deploy.0 = Release|iPhoneSimulator
		{AEF57C9C-6DDC-4774-9050-2EFEBD7453CF}.Debug|Any CPU.ActiveCfg = Debug|Any CPU
		{AEF57C9C-6DDC-4774-9050-2EFEBD7453CF}.Debug|Any CPU.Build.0 = Debug|Any CPU
		{AEF57C9C-6DDC-4774-9050-2EFEBD7453CF}.Debug|Any CPU.Deploy.0 = Debug|Any CPU
		{AEF57C9C-6DDC-4774-9050-2EFEBD7453CF}.Debug|ARM.ActiveCfg = Debug|Any CPU
		{AEF57C9C-6DDC-4774-9050-2EFEBD7453CF}.Debug|ARM.Build.0 = Debug|Any CPU
		{AEF57C9C-6DDC-4774-9050-2EFEBD7453CF}.Debug|ARM.Deploy.0 = Debug|Any CPU
		{AEF57C9C-6DDC-4774-9050-2EFEBD7453CF}.Debug|iPhone.ActiveCfg = Debug|Any CPU
		{AEF57C9C-6DDC-4774-9050-2EFEBD7453CF}.Debug|iPhone.Build.0 = Debug|Any CPU
		{AEF57C9C-6DDC-4774-9050-2EFEBD7453CF}.Debug|iPhone.Deploy.0 = Debug|Any CPU
		{AEF57C9C-6DDC-4774-9050-2EFEBD7453CF}.Debug|iPhoneSimulator.ActiveCfg = Debug|Any CPU
		{AEF57C9C-6DDC-4774-9050-2EFEBD7453CF}.Debug|iPhoneSimulator.Build.0 = Debug|Any CPU
		{AEF57C9C-6DDC-4774-9050-2EFEBD7453CF}.Debug|iPhoneSimulator.Deploy.0 = Debug|Any CPU
		{AEF57C9C-6DDC-4774-9050-2EFEBD7453CF}.Debug|x64.ActiveCfg = Debug|Any CPU
		{AEF57C9C-6DDC-4774-9050-2EFEBD7453CF}.Debug|x64.Build.0 = Debug|Any CPU
		{AEF57C9C-6DDC-4774-9050-2EFEBD7453CF}.Debug|x64.Deploy.0 = Debug|Any CPU
		{AEF57C9C-6DDC-4774-9050-2EFEBD7453CF}.Debug|x86.ActiveCfg = Debug|Any CPU
		{AEF57C9C-6DDC-4774-9050-2EFEBD7453CF}.Debug|x86.Build.0 = Debug|Any CPU
		{AEF57C9C-6DDC-4774-9050-2EFEBD7453CF}.Debug|x86.Deploy.0 = Debug|Any CPU
		{AEF57C9C-6DDC-4774-9050-2EFEBD7453CF}.Release|Any CPU.ActiveCfg = Release|Any CPU
		{AEF57C9C-6DDC-4774-9050-2EFEBD7453CF}.Release|Any CPU.Build.0 = Release|Any CPU
		{AEF57C9C-6DDC-4774-9050-2EFEBD7453CF}.Release|Any CPU.Deploy.0 = Release|Any CPU
		{AEF57C9C-6DDC-4774-9050-2EFEBD7453CF}.Release|ARM.ActiveCfg = Release|Any CPU
		{AEF57C9C-6DDC-4774-9050-2EFEBD7453CF}.Release|ARM.Build.0 = Release|Any CPU
		{AEF57C9C-6DDC-4774-9050-2EFEBD7453CF}.Release|ARM.Deploy.0 = Release|Any CPU
		{AEF57C9C-6DDC-4774-9050-2EFEBD7453CF}.Release|iPhone.ActiveCfg = Release|Any CPU
		{AEF57C9C-6DDC-4774-9050-2EFEBD7453CF}.Release|iPhone.Build.0 = Release|Any CPU
		{AEF57C9C-6DDC-4774-9050-2EFEBD7453CF}.Release|iPhone.Deploy.0 = Release|Any CPU
		{AEF57C9C-6DDC-4774-9050-2EFEBD7453CF}.Release|iPhoneSimulator.ActiveCfg = Release|Any CPU
		{AEF57C9C-6DDC-4774-9050-2EFEBD7453CF}.Release|iPhoneSimulator.Build.0 = Release|Any CPU
		{AEF57C9C-6DDC-4774-9050-2EFEBD7453CF}.Release|iPhoneSimulator.Deploy.0 = Release|Any CPU
		{AEF57C9C-6DDC-4774-9050-2EFEBD7453CF}.Release|x64.ActiveCfg = Release|Any CPU
		{AEF57C9C-6DDC-4774-9050-2EFEBD7453CF}.Release|x64.Build.0 = Release|Any CPU
		{AEF57C9C-6DDC-4774-9050-2EFEBD7453CF}.Release|x64.Deploy.0 = Release|Any CPU
		{AEF57C9C-6DDC-4774-9050-2EFEBD7453CF}.Release|x86.ActiveCfg = Release|Any CPU
		{AEF57C9C-6DDC-4774-9050-2EFEBD7453CF}.Release|x86.Build.0 = Release|Any CPU
		{AEF57C9C-6DDC-4774-9050-2EFEBD7453CF}.Release|x86.Deploy.0 = Release|Any CPU
	EndGlobalSection
	GlobalSection(SolutionProperties) = preSolution
		HideSolutionNode = FALSE
	EndGlobalSection
	GlobalSection(ExtensibilityGlobals) = postSolution
		SolutionGuid = {6DE73933-73E2-465C-ACBA-4F053241A715}
	EndGlobalSection
EndGlobal
